
Microsoft Visual Studio Solution File, Format Version 12.00
# Visual Studio Version 17
VisualStudioVersion = 17.10.35122.118
MinimumVisualStudioVersion = 10.0.40219.1
Project("{FAE04EC0-301F-11D3-BF4B-00C04F79EFBC}") = "Base-Tarea1", "Base-Tarea1\Base-Tarea1.csproj", "{061999ED-745C-4527-A564-114CFEC501D2}"
EndProject
Global
	GlobalSection(SolutionConfigurationPlatforms) = preSolution
		Debug|Any CPU = Debug|Any CPU
		Release|Any CPU = Release|Any CPU
	EndGlobalSection
	GlobalSection(ProjectConfigurationPlatforms) = postSolution
		{061999ED-745C-4527-A564-114CFEC501D2}.Debug|Any CPU.ActiveCfg = Debug|Any CPU
		{061999ED-745C-4527-A564-114CFEC501D2}.Debug|Any CPU.Build.0 = Debug|Any CPU
		{061999ED-745C-4527-A564-114CFEC501D2}.Release|Any CPU.ActiveCfg = Release|Any CPU
		{061999ED-745C-4527-A564-114CFEC501D2}.Release|Any CPU.Build.0 = Release|Any CPU
	EndGlobalSection
	GlobalSection(SolutionProperties) = preSolution
		HideSolutionNode = FALSE
	EndGlobalSection
	GlobalSection(ExtensibilityGlobals) = postSolution
		SolutionGuid = {AC1F1DE0-34C9-4579-A929-3A8D01A62F0C}
	EndGlobalSection
EndGlobal
